
Microsoft Visual Studio Solution File, Format Version 12.00
Project("{FAE04EC0-301F-11D3-BF4B-00C04F79EFBC}") = "qywxmessage", "qywxmessage\qywxmessage.csproj", "{348961A1-E215-4881-89B7-137E59529D2B}"
EndProject
Global
	GlobalSection(SolutionConfigurationPlatforms) = preSolution
		Debug|Any CPU = Debug|Any CPU
		Release|Any CPU = Release|Any CPU
	EndGlobalSection
	GlobalSection(ProjectConfigurationPlatforms) = postSolution
		{348961A1-E215-4881-89B7-137E59529D2B}.Debug|Any CPU.ActiveCfg = Debug|Any CPU
		{348961A1-E215-4881-89B7-137E59529D2B}.Debug|Any CPU.Build.0 = Debug|Any CPU
		{348961A1-E215-4881-89B7-137E59529D2B}.Release|Any CPU.ActiveCfg = Release|Any CPU
		{348961A1-E215-4881-89B7-137E59529D2B}.Release|Any CPU.Build.0 = Release|Any CPU
	EndGlobalSection
EndGlobal
